
Microsoft Visual Studio Solution File, Format Version 12.00
# Visual Studio Version 16
VisualStudioVersion = 16.0.29806.167
MinimumVisualStudioVersion = 10.0.40219.1
Project("{9A19103F-16F7-4668-BE54-9A1E7A4F7556}") = "FizzBuzz", "Algorithms\CSharp\FizzBuzz\FizzBuzz.csproj", "{8CA6A357-29A1-422C-BA7C-A05CB31F623F}"
EndProject
Project("{2150E333-8FDC-42A3-9474-1A3956D46DE8}") = "Algorithms", "Algorithms", "{997C4D10-66C3-48EC-A758-23744155BFD9}"
EndProject
Project("{2150E333-8FDC-42A3-9474-1A3956D46DE8}") = "DesignPatterns", "DesignPatterns", "{FCCA2C10-B18B-460E-BC33-2B506702C47F}"
EndProject
Project("{2150E333-8FDC-42A3-9474-1A3956D46DE8}") = "CSharp", "CSharp", "{7BC332D1-C788-4EE1-A40E-60FC543A33D3}"
EndProject
Project("{2150E333-8FDC-42A3-9474-1A3956D46DE8}") = "Common", "Common", "{6C357538-6E66-40ED-ABDA-9860CA7DFFD4}"
EndProject
Project("{9A19103F-16F7-4668-BE54-9A1E7A4F7556}") = "Utility", "Common\Utility\Utility.csproj", "{E67F5DDD-20A3-4F23-8F40-81E4D27AD899}"
EndProject
Project("{2150E333-8FDC-42A3-9474-1A3956D46DE8}") = "Test", "Test", "{6F6A13AE-1415-4B89-B3B9-89279A3D1931}"
EndProject
Project("{9A19103F-16F7-4668-BE54-9A1E7A4F7556}") = "UnitTestProject1", "Test\UnitTestProject1\UnitTestProject1.csproj", "{C004C2A1-B297-442A-A8C8-39F9F24C1E3F}"
EndProject
Project("{9A19103F-16F7-4668-BE54-9A1E7A4F7556}") = "AlgorithmTest", "Test\AlgorithmTest\AlgorithmTest.csproj", "{313044C7-F823-453D-8290-C14C4EF8B8A8}"
EndProject
Project("{FAE04EC0-301F-11D3-BF4B-00C04F79EFBC}") = "Search", "Algorithms\CSharp\Search\Search\Search.csproj", "{ABBBA8AE-D9F6-4A04-BD5B-D14C402FBDDC}"
EndProject
Project("{9A19103F-16F7-4668-BE54-9A1E7A4F7556}") = "Classes", "Common\Classes\Classes.csproj", "{2CDAAA15-24AC-4023-AF1F-C5D56AAAA3AF}"
EndProject
Global
	GlobalSection(SolutionConfigurationPlatforms) = preSolution
		Debug|Any CPU = Debug|Any CPU
		Release|Any CPU = Release|Any CPU
	EndGlobalSection
	GlobalSection(ProjectConfigurationPlatforms) = postSolution
		{8CA6A357-29A1-422C-BA7C-A05CB31F623F}.Debug|Any CPU.ActiveCfg = Debug|Any CPU
		{8CA6A357-29A1-422C-BA7C-A05CB31F623F}.Debug|Any CPU.Build.0 = Debug|Any CPU
		{8CA6A357-29A1-422C-BA7C-A05CB31F623F}.Release|Any CPU.ActiveCfg = Release|Any CPU
		{8CA6A357-29A1-422C-BA7C-A05CB31F623F}.Release|Any CPU.Build.0 = Release|Any CPU
		{E67F5DDD-20A3-4F23-8F40-81E4D27AD899}.Debug|Any CPU.ActiveCfg = Debug|Any CPU
		{E67F5DDD-20A3-4F23-8F40-81E4D27AD899}.Debug|Any CPU.Build.0 = Debug|Any CPU
		{E67F5DDD-20A3-4F23-8F40-81E4D27AD899}.Release|Any CPU.ActiveCfg = Release|Any CPU
		{E67F5DDD-20A3-4F23-8F40-81E4D27AD899}.Release|Any CPU.Build.0 = Release|Any CPU
		{C004C2A1-B297-442A-A8C8-39F9F24C1E3F}.Debug|Any CPU.ActiveCfg = Debug|Any CPU
		{C004C2A1-B297-442A-A8C8-39F9F24C1E3F}.Debug|Any CPU.Build.0 = Debug|Any CPU
		{C004C2A1-B297-442A-A8C8-39F9F24C1E3F}.Release|Any CPU.ActiveCfg = Release|Any CPU
		{C004C2A1-B297-442A-A8C8-39F9F24C1E3F}.Release|Any CPU.Build.0 = Release|Any CPU
		{313044C7-F823-453D-8290-C14C4EF8B8A8}.Debug|Any CPU.ActiveCfg = Debug|Any CPU
		{313044C7-F823-453D-8290-C14C4EF8B8A8}.Debug|Any CPU.Build.0 = Debug|Any CPU
		{313044C7-F823-453D-8290-C14C4EF8B8A8}.Release|Any CPU.ActiveCfg = Release|Any CPU
		{313044C7-F823-453D-8290-C14C4EF8B8A8}.Release|Any CPU.Build.0 = Release|Any CPU
		{ABBBA8AE-D9F6-4A04-BD5B-D14C402FBDDC}.Debug|Any CPU.ActiveCfg = Debug|Any CPU
		{ABBBA8AE-D9F6-4A04-BD5B-D14C402FBDDC}.Debug|Any CPU.Build.0 = Debug|Any CPU
		{ABBBA8AE-D9F6-4A04-BD5B-D14C402FBDDC}.Release|Any CPU.ActiveCfg = Release|Any CPU
		{ABBBA8AE-D9F6-4A04-BD5B-D14C402FBDDC}.Release|Any CPU.Build.0 = Release|Any CPU
		{2CDAAA15-24AC-4023-AF1F-C5D56AAAA3AF}.Debug|Any CPU.ActiveCfg = Debug|Any CPU
		{2CDAAA15-24AC-4023-AF1F-C5D56AAAA3AF}.Debug|Any CPU.Build.0 = Debug|Any CPU
		{2CDAAA15-24AC-4023-AF1F-C5D56AAAA3AF}.Release|Any CPU.ActiveCfg = Release|Any CPU
		{2CDAAA15-24AC-4023-AF1F-C5D56AAAA3AF}.Release|Any CPU.Build.0 = Release|Any CPU
	EndGlobalSection
	GlobalSection(SolutionProperties) = preSolution
		HideSolutionNode = FALSE
	EndGlobalSection
	GlobalSection(NestedProjects) = preSolution
		{8CA6A357-29A1-422C-BA7C-A05CB31F623F} = {7BC332D1-C788-4EE1-A40E-60FC543A33D3}
		{7BC332D1-C788-4EE1-A40E-60FC543A33D3} = {997C4D10-66C3-48EC-A758-23744155BFD9}
		{E67F5DDD-20A3-4F23-8F40-81E4D27AD899} = {6C357538-6E66-40ED-ABDA-9860CA7DFFD4}
		{C004C2A1-B297-442A-A8C8-39F9F24C1E3F} = {6F6A13AE-1415-4B89-B3B9-89279A3D1931}
		{313044C7-F823-453D-8290-C14C4EF8B8A8} = {6F6A13AE-1415-4B89-B3B9-89279A3D1931}
		{ABBBA8AE-D9F6-4A04-BD5B-D14C402FBDDC} = {7BC332D1-C788-4EE1-A40E-60FC543A33D3}
		{2CDAAA15-24AC-4023-AF1F-C5D56AAAA3AF} = {6C357538-6E66-40ED-ABDA-9860CA7DFFD4}
	EndGlobalSection
	GlobalSection(ExtensibilityGlobals) = postSolution
		SolutionGuid = {3E2DCB9E-01F1-4F2C-B057-77D12E9F7C92}
	EndGlobalSection
EndGlobal
